
Microsoft Visual Studio Solution File, Format Version 12.00
# Visual Studio Version 17
VisualStudioVersion = 17.8.34601.278
MinimumVisualStudioVersion = 10.0.40219.1
Project("{FAE04EC0-301F-11D3-BF4B-00C04F79EFBC}") = "Temperature Change Event Example", "Temperature Change Event Example.csproj", "{9EF741A2-4017-4C64-A111-D46AA81BD4B5}"
EndProject
Project("{FAE04EC0-301F-11D3-BF4B-00C04F79EFBC}") = "temprature", "..\..\Temperature Change Event Example\temprature.csproj", "{035F61DA-347B-4B0B-ABC6-EC67C631DE44}"
EndProject
Global
	GlobalSection(SolutionConfigurationPlatforms) = preSolution
		Debug|Any CPU = Debug|Any CPU
		Release|Any CPU = Release|Any CPU
	EndGlobalSection
	GlobalSection(ProjectConfigurationPlatforms) = postSolution
		{9EF741A2-4017-4C64-A111-D46AA81BD4B5}.Debug|Any CPU.ActiveCfg = Debug|Any CPU
		{9EF741A2-4017-4C64-A111-D46AA81BD4B5}.Debug|Any CPU.Build.0 = Debug|Any CPU
		{9EF741A2-4017-4C64-A111-D46AA81BD4B5}.Release|Any CPU.ActiveCfg = Release|Any CPU
		{9EF741A2-4017-4C64-A111-D46AA81BD4B5}.Release|Any CPU.Build.0 = Release|Any CPU
		{035F61DA-347B-4B0B-ABC6-EC67C631DE44}.Debug|Any CPU.ActiveCfg = Debug|Any CPU
		{035F61DA-347B-4B0B-ABC6-EC67C631DE44}.Debug|Any CPU.Build.0 = Debug|Any CPU
		{035F61DA-347B-4B0B-ABC6-EC67C631DE44}.Release|Any CPU.ActiveCfg = Release|Any CPU
		{035F61DA-347B-4B0B-ABC6-EC67C631DE44}.Release|Any CPU.Build.0 = Release|Any CPU
	EndGlobalSection
	GlobalSection(SolutionProperties) = preSolution
		HideSolutionNode = FALSE
	EndGlobalSection
	GlobalSection(ExtensibilityGlobals) = postSolution
		SolutionGuid = {CBF6A0ED-294B-455C-ADC2-4C26F96DF829}
	EndGlobalSection
EndGlobal
